// !$*UTF8*$!
{
	archiveVersion = 1;
	classes = {
	};
	objectVersion = 55;
	objects = {

/* Begin PBXBuildFile section */
		AD47CD7C286B339F006DA37F /* WordGameApp.swift in Sources */ = {isa = PBXBuildFile; fileRef = AD47CD7B286B339F006DA37F /* WordGameApp.swift */; };
		AD47CD7E286B339F006DA37F /* ContentView.swift in Sources */ = {isa = PBXBuildFile; fileRef = AD47CD7D286B339F006DA37F /* ContentView.swift */; };
		AD47CD80286B33A1006DA37F /* Assets.xcassets in Resources */ = {isa = PBXBuildFile; fileRef = AD47CD7F286B33A1006DA37F /* Assets.xcassets */; };
		AD47CD83286B33A1006DA37F /* Preview Assets.xcassets in Resources */ = {isa = PBXBuildFile; fileRef = AD47CD82286B33A1006DA37F /* Preview Assets.xcassets */; };
		AD47CD8D286B33A1006DA37F /* WordGameTests.swift in Sources */ = {isa = PBXBuildFile; fileRef = AD47CD8C286B33A1006DA37F /* WordGameTests.swift */; };
		AD47CD97286B33A1006DA37F /* WordGameUITests.swift in Sources */ = {isa = PBXBuildFile; fileRef = AD47CD96286B33A1006DA37F /* WordGameUITests.swift */; };
		ADBBA4DE286B363A0052B155 /* ContentHandler.swift in Sources */ = {isa = PBXBuildFile; fileRef = ADBBA4DD286B363A0052B155 /* ContentHandler.swift */; };
		ADBBA4E0286B36640052B155 /* words.json in Resources */ = {isa = PBXBuildFile; fileRef = ADBBA4DF286B36640052B155 /* words.json */; };
		ADBBA4E2286B37D70052B155 /* WordSet.swift in Sources */ = {isa = PBXBuildFile; fileRef = ADBBA4E1286B37D70052B155 /* WordSet.swift */; };
/* End PBXBuildFile section */

/* Begin PBXContainerItemProxy section */
		AD47CD89286B33A1006DA37F /* PBXContainerItemProxy */ = {
			isa = PBXContainerItemProxy;
			containerPortal = AD47CD70286B339F006DA37F /* Project object */;
			proxyType = 1;
			remoteGlobalIDString = AD47CD77286B339F006DA37F;
			remoteInfo = WordGame;
		};
		AD47CD93286B33A1006DA37F /* PBXContainerItemProxy */ = {
			isa = PBXContainerItemProxy;
			containerPortal = AD47CD70286B339F006DA37F /* Project object */;
			proxyType = 1;
			remoteGlobalIDString = AD47CD77286B339F006DA37F;
			remoteInfo = WordGame;
		};
/* End PBXContainerItemProxy section */

/* Begin PBXFileReference section */
		AD47CD78286B339F006DA37F /* WordGame.app */ = {isa = PBXFileReference; explicitFileType = wrapper.application; includeInIndex = 0; path = WordGame.app; sourceTree = BUILT_PRODUCTS_DIR; };
		AD47CD7B286B339F006DA37F /* WordGameApp.swift */ = {isa = PBXFileReference; lastKnownFileType = sourcecode.swift; path = WordGameApp.swift; sourceTree = "<group>"; };
		AD47CD7D286B339F006DA37F /* ContentView.swift */ = {isa = PBXFileReference; lastKnownFileType = sourcecode.swift; path = ContentView.swift; sourceTree = "<group>"; };
		AD47CD7F286B33A1006DA37F /* Assets.xcassets */ = {isa = PBXFileReference; lastKnownFileType = folder.assetcatalog; path = Assets.xcassets; sourceTree = "<group>"; };
		AD47CD82286B33A1006DA37F /* Preview Assets.xcassets */ = {isa = PBXFileReference; lastKnownFileType = folder.assetcatalog; path = "Preview Assets.xcassets"; sourceTree = "<group>"; };
		AD47CD88286B33A1006DA37F /* WordGameTests.xctest */ = {isa = PBXFileReference; explicitFileType = wrapper.cfbundle; includeInIndex = 0; path = WordGameTests.xctest; sourceTree = BUILT_PRODUCTS_DIR; };
		AD47CD8C286B33A1006DA37F /* WordGameTests.swift */ = {isa = PBXFileReference; lastKnownFileType = sourcecode.swift; path = WordGameTests.swift; sourceTree = "<group>"; };
		AD47CD92286B33A1006DA37F /* WordGameUITests.xctest */ = {isa = PBXFileReference; explicitFileType = wrapper.cfbundle; includeInIndex = 0; path = WordGameUITests.xctest; sourceTree = BUILT_PRODUCTS_DIR; };
		AD47CD96286B33A1006DA37F /* WordGameUITests.swift */ = {isa = PBXFileReference; lastKnownFileType = sourcecode.swift; path = WordGameUITests.swift; sourceTree = "<group>"; };
		ADBBA4DD286B363A0052B155 /* ContentHandler.swift */ = {isa = PBXFileReference; lastKnownFileType = sourcecode.swift; path = ContentHandler.swift; sourceTree = "<group>"; };
		ADBBA4DF286B36640052B155 /* words.json */ = {isa = PBXFileReference; fileEncoding = 4; lastKnownFileType = text.json; path = words.json; sourceTree = "<group>"; };
		ADBBA4E1286B37D70052B155 /* WordSet.swift */ = {isa = PBXFileReference; lastKnownFileType = sourcecode.swift; path = WordSet.swift; sourceTree = "<group>"; };
/* End PBXFileReference section */

/* Begin PBXFrameworksBuildPhase section */
		AD47CD75286B339F006DA37F /* Frameworks */ = {
			isa = PBXFrameworksBuildPhase;
			buildActionMask = 2147483647;
			files = (
			);
			runOnlyForDeploymentPostprocessing = 0;
		};
		AD47CD85286B33A1006DA37F /* Frameworks */ = {
			isa = PBXFrameworksBuildPhase;
			buildActionMask = 2147483647;
			files = (
			);
			runOnlyForDeploymentPostprocessing = 0;
		};
		AD47CD8F286B33A1006DA37F /* Frameworks */ = {
			isa = PBXFrameworksBuildPhase;
			buildActionMask = 2147483647;
			files = (
			);
			runOnlyForDeploymentPostprocessing = 0;
		};
/* End PBXFrameworksBuildPhase section */

/* Begin PBXGroup section */
		AD47CD6F286B339F006DA37F = {
			isa = PBXGroup;
			children = (
				AD47CD7A286B339F006DA37F /* WordGame */,
				AD47CD8B286B33A1006DA37F /* WordGameTests */,
				AD47CD95286B33A1006DA37F /* WordGameUITests */,
				AD47CD79286B339F006DA37F /* Products */,
			);
			sourceTree = "<group>";
		};
		AD47CD79286B339F006DA37F /* Products */ = {
			isa = PBXGroup;
			children = (
				AD47CD78286B339F006DA37F /* WordGame.app */,
				AD47CD88286B33A1006DA37F /* WordGameTests.xctest */,
				AD47CD92286B33A1006DA37F /* WordGameUITests.xctest */,
			);
			name = Products;
			sourceTree = "<group>";
		};
		AD47CD7A286B339F006DA37F /* WordGame */ = {
			isa = PBXGroup;
			children = (
				AD47CD7B286B339F006DA37F /* WordGameApp.swift */,
				ADBBA4DD286B363A0052B155 /* ContentHandler.swift */,
				AD47CD7D286B339F006DA37F /* ContentView.swift */,
				ADBBA4DF286B36640052B155 /* words.json */,
				AD47CD7F286B33A1006DA37F /* Assets.xcassets */,
				AD47CD81286B33A1006DA37F /* Preview Content */,
				ADBBA4E1286B37D70052B155 /* WordSet.swift */,
			);
			path = WordGame;
			sourceTree = "<group>";
		};
		AD47CD81286B33A1006DA37F /* Preview Content */ = {
			isa = PBXGroup;
			children = (
				AD47CD82286B33A1006DA37F /* Preview Assets.xcassets */,
			);
			path = "Preview Content";
			sourceTree = "<group>";
		};
		AD47CD8B286B33A1006DA37F /* WordGameTests */ = {
			isa = PBXGroup;
			children = (
				AD47CD8C286B33A1006DA37F /* WordGameTests.swift */,
			);
			path = WordGameTests;
			sourceTree = "<group>";
		};
		AD47CD95286B33A1006DA37F /* WordGameUITests */ = {
			isa = PBXGroup;
			children = (
				AD47CD96286B33A1006DA37F /* WordGameUITests.swift */,
			);
			path = WordGameUITests;
			sourceTree = "<group>";
		};
/* End PBXGroup section */

/* Begin PBXNativeTarget section */
		AD47CD77286B339F006DA37F /* WordGame */ = {
			isa = PBXNativeTarget;
			buildConfigurationList = AD47CD9C286B33A1006DA37F /* Build configuration list for PBXNativeTarget "WordGame" */;
			buildPhases = (
				AD47CD74286B339F006DA37F /* Sources */,
				AD47CD75286B339F006DA37F /* Frameworks */,
				AD47CD76286B339F006DA37F /* Resources */,
			);
			buildRules = (
			);
			dependencies = (
			);
			name = WordGame;
			productName = WordGame;
			productReference = AD47CD78286B339F006DA37F /* WordGame.app */;
			productType = "com.apple.product-type.application";
		};
		AD47CD87286B33A1006DA37F /* WordGameTests */ = {
			isa = PBXNativeTarget;
			buildConfigurationList = AD47CD9F286B33A1006DA37F /* Build configuration list for PBXNativeTarget "WordGameTests" */;
			buildPhases = (
				AD47CD84286B33A1006DA37F /* Sources */,
				AD47CD85286B33A1006DA37F /* Frameworks */,
				AD47CD86286B33A1006DA37F /* Resources */,
			);
			buildRules = (
			);
			dependencies = (
				AD47CD8A286B33A1006DA37F /* PBXTargetDependency */,
			);
			name = WordGameTests;
			productName = WordGameTests;
			productReference = AD47CD88286B33A1006DA37F /* WordGameTests.xctest */;
			productType = "com.apple.product-type.bundle.unit-test";
		};
		AD47CD91286B33A1006DA37F /* WordGameUITests */ = {
			isa = PBXNativeTarget;
			buildConfigurationList = AD47CDA2286B33A1006DA37F /* Build configuration list for PBXNativeTarget "WordGameUITests" */;
			buildPhases = (
				AD47CD8E286B33A1006DA37F /* Sources */,
				AD47CD8F286B33A1006DA37F /* Frameworks */,
				AD47CD90286B33A1006DA37F /* Resources */,
			);
			buildRules = (
			);
			dependencies = (
				AD47CD94286B33A1006DA37F /* PBXTargetDependency */,
			);
			name = WordGameUITests;
			productName = WordGameUITests;
			productReference = AD47CD92286B33A1006DA37F /* WordGameUITests.xctest */;
			productType = "com.apple.product-type.bundle.ui-testing";
		};
/* End PBXNativeTarget section */

/* Begin PBXProject section */
		AD47CD70286B339F006DA37F /* Project object */ = {
			isa = PBXProject;
			attributes = {
				BuildIndependentTargetsInParallel = 1;
				LastSwiftUpdateCheck = 1320;
				LastUpgradeCheck = 1320;
				TargetAttributes = {
					AD47CD77286B339F006DA37F = {
						CreatedOnToolsVersion = 13.2.1;
					};
					AD47CD87286B33A1006DA37F = {
						CreatedOnToolsVersion = 13.2.1;
						TestTargetID = AD47CD77286B339F006DA37F;
					};
					AD47CD91286B33A1006DA37F = {
						CreatedOnToolsVersion = 13.2.1;
						TestTargetID = AD47CD77286B339F006DA37F;
					};
				};
			};
			buildConfigurationList = AD47CD73286B339F006DA37F /* Build configuration list for PBXProject "WordGame" */;
			compatibilityVersion = "Xcode 13.0";
			developmentRegion = en;
			hasScannedForEncodings = 0;
			knownRegions = (
				en,
				Base,
			);
			mainGroup = AD47CD6F286B339F006DA37F;
			productRefGroup = AD47CD79286B339F006DA37F /* Products */;
			projectDirPath = "";
			projectRoot = "";
			targets = (
				AD47CD77286B339F006DA37F /* WordGame */,
				AD47CD87286B33A1006DA37F /* WordGameTests */,
				AD47CD91286B33A1006DA37F /* WordGameUITests */,
			);
		};
/* End PBXProject section */

/* Begin PBXResourcesBuildPhase section */
		AD47CD76286B339F006DA37F /* Resources */ = {
			isa = PBXResourcesBuildPhase;
			buildActionMask = 2147483647;
			files = (
				ADBBA4E0286B36640052B155 /* words.json in Resources */,
				AD47CD83286B33A1006DA37F /* Preview Assets.xcassets in Resources */,
				AD47CD80286B33A1006DA37F /* Assets.xcassets in Resources */,
			);
			runOnlyForDeploymentPostprocessing = 0;
		};
		AD47CD86286B33A1006DA37F /* Resources */ = {
			isa = PBXResourcesBuildPhase;
			buildActionMask = 2147483647;
			files = (
			);
			runOnlyForDeploymentPostprocessing = 0;
		};
		AD47CD90286B33A1006DA37F /* Resources */ = {
			isa = PBXResourcesBuildPhase;
			buildActionMask = 2147483647;
			files = (
			);
			runOnlyForDeploymentPostprocessing = 0;
		};
/* End PBXResourcesBuildPhase section */

/* Begin PBXSourcesBuildPhase section */
		AD47CD74286B339F006DA37F /* Sources */ = {
			isa = PBXSourcesBuildPhase;
			buildActionMask = 2147483647;
			files = (
				ADBBA4E2286B37D70052B155 /* WordSet.swift in Sources */,
				ADBBA4DE286B363A0052B155 /* ContentHandler.swift in Sources */,
				AD47CD7E286B339F006DA37F /* ContentView.swift in Sources */,
				AD47CD7C286B339F006DA37F /* WordGameApp.swift in Sources */,
			);
			runOnlyForDeploymentPostprocessing = 0;
		};
		AD47CD84286B33A1006DA37F /* Sources */ = {
			isa = PBXSourcesBuildPhase;
			buildActionMask = 2147483647;
			files = (
				AD47CD8D286B33A1006DA37F /* WordGameTests.swift in Sources */,
			);
			runOnlyForDeploymentPostprocessing = 0;
		};
		AD47CD8E286B33A1006DA37F /* Sources */ = {
			isa = PBXSourcesBuildPhase;
			buildActionMask = 2147483647;
			files = (
				AD47CD97286B33A1006DA37F /* WordGameUITests.swift in Sources */,
			);
			runOnlyForDeploymentPostprocessing = 0;
		};
/* End PBXSourcesBuildPhase section */

/* Begin PBXTargetDependency section */
		AD47CD8A286B33A1006DA37F /* PBXTargetDependency */ = {
			isa = PBXTargetDependency;
			target = AD47CD77286B339F006DA37F /* WordGame */;
			targetProxy = AD47CD89286B33A1006DA37F /* PBXContainerItemProxy */;
		};
		AD47CD94286B33A1006DA37F /* PBXTargetDependency */ = {
			isa = PBXTargetDependency;
			target = AD47CD77286B339F006DA37F /* WordGame */;
			targetProxy = AD47CD93286B33A1006DA37F /* PBXContainerItemProxy */;
		};
/* End PBXTargetDependency section */

/* Begin XCBuildConfiguration section */
		AD47CD9A286B33A1006DA37F /* Debug */ = {
			isa = XCBuildConfiguration;
			buildSettings = {
				ALWAYS_SEARCH_USER_PATHS = NO;
				CLANG_ANALYZER_NONNULL = YES;
				CLANG_ANALYZER_NUMBER_OBJECT_CONVERSION = YES_AGGRESSIVE;
				CLANG_CXX_LANGUAGE_STANDARD = "gnu++17";
				CLANG_CXX_LIBRARY = "libc++";
				CLANG_ENABLE_MODULES = YES;
				CLANG_ENABLE_OBJC_ARC = YES;
				CLANG_ENABLE_OBJC_WEAK = YES;
				CLANG_WARN_BLOCK_CAPTURE_AUTORELEASING = YES;
				CLANG_WARN_BOOL_CONVERSION = YES;
				CLANG_WARN_COMMA = YES;
				CLANG_WARN_CONSTANT_CONVERSION = YES;
				CLANG_WARN_DEPRECATED_OBJC_IMPLEMENTATIONS = YES;
				CLANG_WARN_DIRECT_OBJC_ISA_USAGE = YES_ERROR;
				CLANG_WARN_DOCUMENTATION_COMMENTS = YES;
				CLANG_WARN_EMPTY_BODY = YES;
				CLANG_WARN_ENUM_CONVERSION = YES;
				CLANG_WARN_INFINITE_RECURSION = YES;
				CLANG_WARN_INT_CONVERSION = YES;
				CLANG_WARN_NON_LITERAL_NULL_CONVERSION = YES;
				CLANG_WARN_OBJC_IMPLICIT_RETAIN_SELF = YES;
				CLANG_WARN_OBJC_LITERAL_CONVERSION = YES;
				CLANG_WARN_OBJC_ROOT_CLASS = YES_ERROR;
				CLANG_WARN_QUOTED_INCLUDE_IN_FRAMEWORK_HEADER = YES;
				CLANG_WARN_RANGE_LOOP_ANALYSIS = YES;
				CLANG_WARN_STRICT_PROTOTYPES = YES;
				CLANG_WARN_SUSPICIOUS_MOVE = YES;
				CLANG_WARN_UNGUARDED_AVAILABILITY = YES_AGGRESSIVE;
				CLANG_WARN_UNREACHABLE_CODE = YES;
				CLANG_WARN__DUPLICATE_METHOD_MATCH = YES;
				COPY_PHASE_STRIP = NO;
				DEBUG_INFORMATION_FORMAT = dwarf;
				ENABLE_STRICT_OBJC_MSGSEND = YES;
				ENABLE_TESTABILITY = YES;
				GCC_C_LANGUAGE_STANDARD = gnu11;
				GCC_DYNAMIC_NO_PIC = NO;
				GCC_NO_COMMON_BLOCKS = YES;
				GCC_OPTIMIZATION_LEVEL = 0;
				GCC_PREPROCESSOR_DEFINITIONS = (
					"DEBUG=1",
					"$(inherited)",
				);
				GCC_WARN_64_TO_32_BIT_CONVERSION = YES;
				GCC_WARN_ABOUT_RETURN_TYPE = YES_ERROR;
				GCC_WARN_UNDECLARED_SELECTOR = YES;
				GCC_WARN_UNINITIALIZED_AUTOS = YES_AGGRESSIVE;
				GCC_WARN_UNUSED_FUNCTION = YES;
				GCC_WARN_UNUSED_VARIABLE = YES;
				IPHONEOS_DEPLOYMENT_TARGET = 15.2;
				MTL_ENABLE_DEBUG_INFO = INCLUDE_SOURCE;
				MTL_FAST_MATH = YES;
				ONLY_ACTIVE_ARCH = YES;
				SDKROOT = iphoneos;
				SWIFT_ACTIVE_COMPILATION_CONDITIONS = DEBUG;
				SWIFT_OPTIMIZATION_LEVEL = "-Onone";
			};
			name = Debug;
		};
		AD47CD9B286B33A1006DA37F /* Release */ = {
			isa = XCBuildConfiguration;
			buildSettings = {
				ALWAYS_SEARCH_USER_PATHS = NO;
				CLANG_ANALYZER_NONNULL = YES;
				CLANG_ANALYZER_NUMBER_OBJECT_CONVERSION = YES_AGGRESSIVE;
				CLANG_CXX_LANGUAGE_STANDARD = "gnu++17";
				CLANG_CXX_LIBRARY = "libc++";
				CLANG_ENABLE_MODULES = YES;
				CLANG_ENABLE_OBJC_ARC = YES;
				CLANG_ENABLE_OBJC_WEAK = YES;
				CLANG_WARN_BLOCK_CAPTURE_AUTORELEASING = YES;
				CLANG_WARN_BOOL_CONVERSION = YES;
				CLANG_WARN_COMMA = YES;
				CLANG_WARN_CONSTANT_CONVERSION = YES;
				CLANG_WARN_DEPRECATED_OBJC_IMPLEMENTATIONS = YES;
				CLANG_WARN_DIRECT_OBJC_ISA_USAGE = YES_ERROR;
				CLANG_WARN_DOCUMENTATION_COMMENTS = YES;
				CLANG_WARN_EMPTY_BODY = YES;
				CLANG_WARN_ENUM_CONVERSION = YES;
				CLANG_WARN_INFINITE_RECURSION = YES;
				CLANG_WARN_INT_CONVERSION = YES;
				CLANG_WARN_NON_LITERAL_NULL_CONVERSION = YES;
				CLANG_WARN_OBJC_IMPLICIT_RETAIN_SELF = YES;
				CLANG_WARN_OBJC_LITERAL_CONVERSION = YES;
				CLANG_WARN_OBJC_ROOT_CLASS = YES_ERROR;
				CLANG_WARN_QUOTED_INCLUDE_IN_FRAMEWORK_HEADER = YES;
				CLANG_WARN_RANGE_LOOP_ANALYSIS = YES;
				CLANG_WARN_STRICT_PROTOTYPES = YES;
				CLANG_WARN_SUSPICIOUS_MOVE = YES;
				CLANG_WARN_UNGUARDED_AVAILABILITY = YES_AGGRESSIVE;
				CLANG_WARN_UNREACHABLE_CODE = YES;
				CLANG_WARN__DUPLICATE_METHOD_MATCH = YES;
				COPY_PHASE_STRIP = NO;
				DEBUG_INFORMATION_FORMAT = "dwarf-with-dsym";
				ENABLE_NS_ASSERTIONS = NO;
				ENABLE_STRICT_OBJC_MSGSEND = YES;
				GCC_C_LANGUAGE_STANDARD = gnu11;
				GCC_NO_COMMON_BLOCKS = YES;
				GCC_WARN_64_TO_32_BIT_CONVERSION = YES;
				GCC_WARN_ABOUT_RETURN_TYPE = YES_ERROR;
				GCC_WARN_UNDECLARED_SELECTOR = YES;
				GCC_WARN_UNINITIALIZED_AUTOS = YES_AGGRESSIVE;
				GCC_WARN_UNUSED_FUNCTION = YES;
				GCC_WARN_UNUSED_VARIABLE = YES;
				IPHONEOS_DEPLOYMENT_TARGET = 15.2;
				MTL_ENABLE_DEBUG_INFO = NO;
				MTL_FAST_MATH = YES;
				SDKROOT = iphoneos;
				SWIFT_COMPILATION_MODE = wholemodule;
				SWIFT_OPTIMIZATION_LEVEL = "-O";
				VALIDATE_PRODUCT = YES;
			};
			name = Release;
		};
		AD47CD9D286B33A1006DA37F /* Debug */ = {
			isa = XCBuildConfiguration;
			buildSettings = {
				ASSETCATALOG_COMPILER_APPICON_NAME = AppIcon;
				ASSETCATALOG_COMPILER_GLOBAL_ACCENT_COLOR_NAME = AccentColor;
				CODE_SIGN_STYLE = Automatic;
				CURRENT_PROJECT_VERSION = 1;
				DEVELOPMENT_ASSET_PATHS = "\"WordGame/Preview Content\"";
				ENABLE_PREVIEWS = YES;
				GENERATE_INFOPLIST_FILE = YES;
				INFOPLIST_KEY_UIApplicationSceneManifest_Generation = YES;
				INFOPLIST_KEY_UIApplicationSupportsIndirectInputEvents = YES;
				INFOPLIST_KEY_UILaunchScreen_Generation = YES;
				INFOPLIST_KEY_UISupportedInterfaceOrientations = UIInterfaceOrientationPortrait;
				INFOPLIST_KEY_UISupportedInterfaceOrientations_iPad = "UIInterfaceOrientationPortrait UIInterfaceOrientationPortraitUpsideDown UIInterfaceOrientationLandscapeLeft UIInterfaceOrientationLandscapeRight";
				INFOPLIST_KEY_UISupportedInterfaceOrientations_iPhone = "UIInterfaceOrientationPortrait UIInterfaceOrientationLandscapeLeft UIInterfaceOrientationLandscapeRight";
				LD_RUNPATH_SEARCH_PATHS = (
					"$(inherited)",
					"@executable_path/Frameworks",
				);
				MARKETING_VERSION = 1.0;
				PRODUCT_BUNDLE_IDENTIFIER = com.yt.WordGame;
				PRODUCT_NAME = "$(TARGET_NAME)";
				SWIFT_EMIT_LOC_STRINGS = YES;
				SWIFT_VERSION = 5.0;
				TARGETED_DEVICE_FAMILY = 1;
			};
			name = Debug;
		};
		AD47CD9E286B33A1006DA37F /* Release */ = {
			isa = XCBuildConfiguration;
			buildSettings = {
				ASSETCATALOG_COMPILER_APPICON_NAME = AppIcon;
				ASSETCATALOG_COMPILER_GLOBAL_ACCENT_COLOR_NAME = AccentColor;
				CODE_SIGN_STYLE = Automatic;
				CURRENT_PROJECT_VERSION = 1;
				DEVELOPMENT_ASSET_PATHS = "\"WordGame/Preview Content\"";
				ENABLE_PREVIEWS = YES;
				GENERATE_INFOPLIST_FILE = YES;
				INFOPLIST_KEY_UIApplicationSceneManifest_Generation = YES;
				INFOPLIST_KEY_UIApplicationSupportsIndirectInputEvents = YES;
				INFOPLIST_KEY_UILaunchScreen_Generation = YES;
				INFOPLIST_KEY_UISupportedInterfaceOrientations = UIInterfaceOrientationPortrait;
				INFOPLIST_KEY_UISupportedInterfaceOrientations_iPad = "UIInterfaceOrientationPortrait UIInterfaceOrientationPortraitUpsideDown UIInterfaceOrientationLandscapeLeft UIInterfaceOrientationLandscapeRight";
				INFOPLIST_KEY_UISupportedInterfaceOrientations_iPhone = "UIInterfaceOrientationPortrait UIInterfaceOrientationLandscapeLeft UIInterfaceOrientationLandscapeRight";
				LD_RUNPATH_SEARCH_PATHS = (
					"$(inherited)",
					"@executable_path/Frameworks",
				);
				MARKETING_VERSION = 1.0;
				PRODUCT_BUNDLE_IDENTIFIER = com.yt.WordGame;
				PRODUCT_NAME = "$(TARGET_NAME)";
				SWIFT_EMIT_LOC_STRINGS = YES;
				SWIFT_VERSION = 5.0;
				TARGETED_DEVICE_FAMILY = 1;
			};
			name = Release;
		};
		AD47CDA0286B33A1006DA37F /* Debug */ = {
			isa = XCBuildConfiguration;
			buildSettings = {
				ALWAYS_EMBED_SWIFT_STANDARD_LIBRARIES = YES;
				BUNDLE_LOADER = "$(TEST_HOST)";
				CODE_SIGN_STYLE = Automatic;
				CURRENT_PROJECT_VERSION = 1;
				GENERATE_INFOPLIST_FILE = YES;
				IPHONEOS_DEPLOYMENT_TARGET = 15.2;
				MARKETING_VERSION = 1.0;
				PRODUCT_BUNDLE_IDENTIFIER = com.yt.WordGameTests;
				PRODUCT_NAME = "$(TARGET_NAME)";
				SWIFT_EMIT_LOC_STRINGS = NO;
				SWIFT_VERSION = 5.0;
				TARGETED_DEVICE_FAMILY = "1,2";
				TEST_HOST = "$(BUILT_PRODUCTS_DIR)/WordGame.app/WordGame";
			};
			name = Debug;
		};
		AD47CDA1286B33A1006DA37F /* Release */ = {
			isa = XCBuildConfiguration;
			buildSettings = {
				ALWAYS_EMBED_SWIFT_STANDARD_LIBRARIES = YES;
				BUNDLE_LOADER = "$(TEST_HOST)";
				CODE_SIGN_STYLE = Automatic;
				CURRENT_PROJECT_VERSION = 1;
				GENERATE_INFOPLIST_FILE = YES;
				IPHONEOS_DEPLOYMENT_TARGET = 15.2;
				MARKETING_VERSION = 1.0;
				PRODUCT_BUNDLE_IDENTIFIER = com.yt.WordGameTests;
				PRODUCT_NAME = "$(TARGET_NAME)";
				SWIFT_EMIT_LOC_STRINGS = NO;
				SWIFT_VERSION = 5.0;
				TARGETED_DEVICE_FAMILY = "1,2";
				TEST_HOST = "$(BUILT_PRODUCTS_DIR)/WordGame.app/WordGame";
			};
			name = Release;
		};
		AD47CDA3286B33A1006DA37F /* Debug */ = {
			isa = XCBuildConfiguration;
			buildSettings = {
				ALWAYS_EMBED_SWIFT_STANDARD_LIBRARIES = YES;
				CODE_SIGN_STYLE = Automatic;
				CURRENT_PROJECT_VERSION = 1;
				GENERATE_INFOPLIST_FILE = YES;
				MARKETING_VERSION = 1.0;
				PRODUCT_BUNDLE_IDENTIFIER = com.yt.WordGameUITests;
				PRODUCT_NAME = "$(TARGET_NAME)";
				SWIFT_EMIT_LOC_STRINGS = NO;
				SWIFT_VERSION = 5.0;
				TARGETED_DEVICE_FAMILY = "1,2";
				TEST_TARGET_NAME = WordGame;
			};
			name = Debug;
		};
		AD47CDA4286B33A1006DA37F /* Release */ = {
			isa = XCBuildConfiguration;
			buildSettings = {
				ALWAYS_EMBED_SWIFT_STANDARD_LIBRARIES = YES;
				CODE_SIGN_STYLE = Automatic;
				CURRENT_PROJECT_VERSION = 1;
				GENERATE_INFOPLIST_FILE = YES;
				MARKETING_VERSION = 1.0;
				PRODUCT_BUNDLE_IDENTIFIER = com.yt.WordGameUITests;
				PRODUCT_NAME = "$(TARGET_NAME)";
				SWIFT_EMIT_LOC_STRINGS = NO;
				SWIFT_VERSION = 5.0;
				TARGETED_DEVICE_FAMILY = "1,2";
				TEST_TARGET_NAME = WordGame;
			};
			name = Release;
		};
/* End XCBuildConfiguration section */

/* Begin XCConfigurationList section */
		AD47CD73286B339F006DA37F /* Build configuration list for PBXProject "WordGame" */ = {
			isa = XCConfigurationList;
			buildConfigurations = (
				AD47CD9A286B33A1006DA37F /* Debug */,
				AD47CD9B286B33A1006DA37F /* Release */,
			);
			defaultConfigurationIsVisible = 0;
			defaultConfigurationName = Release;
		};
		AD47CD9C286B33A1006DA37F /* Build configuration list for PBXNativeTarget "WordGame" */ = {
			isa = XCConfigurationList;
			buildConfigurations = (
				AD47CD9D286B33A1006DA37F /* Debug */,
				AD47CD9E286B33A1006DA37F /* Release */,
			);
			defaultConfigurationIsVisible = 0;
			defaultConfigurationName = Release;
		};
		AD47CD9F286B33A1006DA37F /* Build configuration list for PBXNativeTarget "WordGameTests" */ = {
			isa = XCConfigurationList;
			buildConfigurations = (
				AD47CDA0286B33A1006DA37F /* Debug */,
				AD47CDA1286B33A1006DA37F /* Release */,
			);
			defaultConfigurationIsVisible = 0;
			defaultConfigurationName = Release;
		};
		AD47CDA2286B33A1006DA37F /* Build configuration list for PBXNativeTarget "WordGameUITests" */ = {
			isa = XCConfigurationList;
			buildConfigurations = (
				AD47CDA3286B33A1006DA37F /* Debug */,
				AD47CDA4286B33A1006DA37F /* Release */,
			);
			defaultConfigurationIsVisible = 0;
			defaultConfigurationName = Release;
		};
/* End XCConfigurationList section */
	};
	rootObject = AD47CD70286B339F006DA37F /* Project object */;
}
